
Microsoft Visual Studio Solution File, Format Version 12.00
# Visual Studio Version 17
VisualStudioVersion = 17.3.32922.545
MinimumVisualStudioVersion = 10.0.40219.1
Project("{FAE04EC0-301F-11D3-BF4B-00C04F79EFBC}") = "CatalogRestApi", "CatalogRestApi\CatalogRestApi.csproj", "{60A5D4E7-44D1-4634-99D9-E41A95D07607}"
EndProject
Global
	GlobalSection(SolutionConfigurationPlatforms) = preSolution
		Debug|Any CPU = Debug|Any CPU
		Release|Any CPU = Release|Any CPU
	EndGlobalSection
	GlobalSection(ProjectConfigurationPlatforms) = postSolution
		{60A5D4E7-44D1-4634-99D9-E41A95D07607}.Debug|Any CPU.ActiveCfg = Debug|Any CPU
		{60A5D4E7-44D1-4634-99D9-E41A95D07607}.Debug|Any CPU.Build.0 = Debug|Any CPU
		{60A5D4E7-44D1-4634-99D9-E41A95D07607}.Release|Any CPU.ActiveCfg = Release|Any CPU
		{60A5D4E7-44D1-4634-99D9-E41A95D07607}.Release|Any CPU.Build.0 = Release|Any CPU
	EndGlobalSection
	GlobalSection(SolutionProperties) = preSolution
		HideSolutionNode = FALSE
	EndGlobalSection
	GlobalSection(ExtensibilityGlobals) = postSolution
		SolutionGuid = {D506F2C4-309E-40A2-879C-7635D9A5F882}
	EndGlobalSection
EndGlobal
